
Microsoft Visual Studio Solution File, Format Version 12.00
# Visual Studio 14
VisualStudioVersion = 14.0.25420.1
MinimumVisualStudioVersion = 10.0.40219.1
Project("{FAE04EC0-301F-11D3-BF4B-00C04F79EFBC}") = "WebAPI", "WebAPI\WebAPI.csproj", "{349C6C01-5828-406A-804F-BE2F217F9FD1}"
EndProject
Project("{FAE04EC0-301F-11D3-BF4B-00C04F79EFBC}") = "DataModel", "DataModel\DataModel.csproj", "{69A35B50-846D-4F05-AD69-EBE423BCB917}"
EndProject
Project("{FAE04EC0-301F-11D3-BF4B-00C04F79EFBC}") = "BusinessEntities", "BusinessEntities\BusinessEntities.csproj", "{C2460687-02A5-497F-9CCA-FDBC0B72BCAA}"
EndProject
Project("{FAE04EC0-301F-11D3-BF4B-00C04F79EFBC}") = "BusinessServices", "BusinessServices\BusinessServices.csproj", "{398A0955-A35F-48C9-950A-67A295C25D86}"
EndProject
Global
	GlobalSection(SolutionConfigurationPlatforms) = preSolution
		Debug|Any CPU = Debug|Any CPU
		Release|Any CPU = Release|Any CPU
	EndGlobalSection
	GlobalSection(ProjectConfigurationPlatforms) = postSolution
		{349C6C01-5828-406A-804F-BE2F217F9FD1}.Debug|Any CPU.ActiveCfg = Debug|Any CPU
		{349C6C01-5828-406A-804F-BE2F217F9FD1}.Debug|Any CPU.Build.0 = Debug|Any CPU
		{349C6C01-5828-406A-804F-BE2F217F9FD1}.Release|Any CPU.ActiveCfg = Release|Any CPU
		{349C6C01-5828-406A-804F-BE2F217F9FD1}.Release|Any CPU.Build.0 = Release|Any CPU
		{69A35B50-846D-4F05-AD69-EBE423BCB917}.Debug|Any CPU.ActiveCfg = Debug|Any CPU
		{69A35B50-846D-4F05-AD69-EBE423BCB917}.Debug|Any CPU.Build.0 = Debug|Any CPU
		{69A35B50-846D-4F05-AD69-EBE423BCB917}.Release|Any CPU.ActiveCfg = Release|Any CPU
		{69A35B50-846D-4F05-AD69-EBE423BCB917}.Release|Any CPU.Build.0 = Release|Any CPU
		{C2460687-02A5-497F-9CCA-FDBC0B72BCAA}.Debug|Any CPU.ActiveCfg = Debug|Any CPU
		{C2460687-02A5-497F-9CCA-FDBC0B72BCAA}.Debug|Any CPU.Build.0 = Debug|Any CPU
		{C2460687-02A5-497F-9CCA-FDBC0B72BCAA}.Release|Any CPU.ActiveCfg = Release|Any CPU
		{C2460687-02A5-497F-9CCA-FDBC0B72BCAA}.Release|Any CPU.Build.0 = Release|Any CPU
		{398A0955-A35F-48C9-950A-67A295C25D86}.Debug|Any CPU.ActiveCfg = Debug|Any CPU
		{398A0955-A35F-48C9-950A-67A295C25D86}.Debug|Any CPU.Build.0 = Debug|Any CPU
		{398A0955-A35F-48C9-950A-67A295C25D86}.Release|Any CPU.ActiveCfg = Release|Any CPU
		{398A0955-A35F-48C9-950A-67A295C25D86}.Release|Any CPU.Build.0 = Release|Any CPU
	EndGlobalSection
	GlobalSection(SolutionProperties) = preSolution
		HideSolutionNode = FALSE
	EndGlobalSection
EndGlobal
