
Microsoft Visual Studio Solution File, Format Version 12.00
# Visual Studio 14
VisualStudioVersion = 14.0.25420.1
MinimumVisualStudioVersion = 10.0.40219.1
Project("{FAE04EC0-301F-11D3-BF4B-00C04F79EFBC}") = "Basic_Web_Api", "Basic_Web_Api\Basic_Web_Api.csproj", "{0EFEA76F-3BB4-4D65-985D-FB68D0F7FEEF}"
EndProject
Global
	GlobalSection(SolutionConfigurationPlatforms) = preSolution
		Debug|Any CPU = Debug|Any CPU
		Release|Any CPU = Release|Any CPU
	EndGlobalSection
	GlobalSection(ProjectConfigurationPlatforms) = postSolution
		{0EFEA76F-3BB4-4D65-985D-FB68D0F7FEEF}.Debug|Any CPU.ActiveCfg = Debug|Any CPU
		{0EFEA76F-3BB4-4D65-985D-FB68D0F7FEEF}.Debug|Any CPU.Build.0 = Debug|Any CPU
		{0EFEA76F-3BB4-4D65-985D-FB68D0F7FEEF}.Release|Any CPU.ActiveCfg = Release|Any CPU
		{0EFEA76F-3BB4-4D65-985D-FB68D0F7FEEF}.Release|Any CPU.Build.0 = Release|Any CPU
	EndGlobalSection
	GlobalSection(SolutionProperties) = preSolution
		HideSolutionNode = FALSE
	EndGlobalSection
EndGlobal
